
Microsoft Visual Studio Solution File, Format Version 12.00
# Visual Studio Version 17
VisualStudioVersion = 17.7.34024.191
MinimumVisualStudioVersion = 10.0.40219.1
Project("{FAE04EC0-301F-11D3-BF4B-00C04F79EFBC}") = "UseConstructor", "UseConstructor.csproj", "{1AA89D42-6671-4426-8DDA-1E8A4D7572C8}"
EndProject
Global
	GlobalSection(SolutionConfigurationPlatforms) = preSolution
		Debug|Any CPU = Debug|Any CPU
		Release|Any CPU = Release|Any CPU
	EndGlobalSection
	GlobalSection(ProjectConfigurationPlatforms) = postSolution
		{1AA89D42-6671-4426-8DDA-1E8A4D7572C8}.Debug|Any CPU.ActiveCfg = Debug|Any CPU
		{1AA89D42-6671-4426-8DDA-1E8A4D7572C8}.Debug|Any CPU.Build.0 = Debug|Any CPU
		{1AA89D42-6671-4426-8DDA-1E8A4D7572C8}.Release|Any CPU.ActiveCfg = Release|Any CPU
		{1AA89D42-6671-4426-8DDA-1E8A4D7572C8}.Release|Any CPU.Build.0 = Release|Any CPU
	EndGlobalSection
	GlobalSection(SolutionProperties) = preSolution
		HideSolutionNode = FALSE
	EndGlobalSection
	GlobalSection(ExtensibilityGlobals) = postSolution
		SolutionGuid = {6584523A-D5FC-417D-8180-E17D9DF210B9}
	EndGlobalSection
EndGlobal
